
Microsoft Visual Studio Solution File, Format Version 12.00
# Visual Studio Version 16
VisualStudioVersion = 16.0.30204.135
MinimumVisualStudioVersion = 10.0.40219.1
Project("{FAE04EC0-301F-11D3-BF4B-00C04F79EFBC}") = "ConsoleApp1", "ConsoleApp1.csproj", "{D4CF2756-90EA-43C5-9187-11D5335FA9C7}"
EndProject
Global
	GlobalSection(SolutionConfigurationPlatforms) = preSolution
		Debug|Any CPU = Debug|Any CPU
		Release|Any CPU = Release|Any CPU
	EndGlobalSection
	GlobalSection(ProjectConfigurationPlatforms) = postSolution
		{D4CF2756-90EA-43C5-9187-11D5335FA9C7}.Debug|Any CPU.ActiveCfg = Debug|Any CPU
		{D4CF2756-90EA-43C5-9187-11D5335FA9C7}.Debug|Any CPU.Build.0 = Debug|Any CPU
		{D4CF2756-90EA-43C5-9187-11D5335FA9C7}.Release|Any CPU.ActiveCfg = Release|Any CPU
		{D4CF2756-90EA-43C5-9187-11D5335FA9C7}.Release|Any CPU.Build.0 = Release|Any CPU
	EndGlobalSection
	GlobalSection(SolutionProperties) = preSolution
		HideSolutionNode = FALSE
	EndGlobalSection
	GlobalSection(ExtensibilityGlobals) = postSolution
		SolutionGuid = {A5E0FE08-5F1B-4E6F-8C5E-531425ED9DBD}
	EndGlobalSection
EndGlobal
